
Microsoft Visual Studio Solution File, Format Version 12.00
# Visual Studio Version 16
VisualStudioVersion = 16.0.31005.135
MinimumVisualStudioVersion = 10.0.40219.1
Project("{FAE04EC0-301F-11D3-BF4B-00C04F79EFBC}") = "RBWebAPI", "RBWebAPI\RBWebAPI.csproj", "{F77B912C-841B-43EC-B27E-3A2B435C8367}"
EndProject
Global
	GlobalSection(SolutionConfigurationPlatforms) = preSolution
		Debug|Any CPU = Debug|Any CPU
		Release|Any CPU = Release|Any CPU
	EndGlobalSection
	GlobalSection(ProjectConfigurationPlatforms) = postSolution
		{F77B912C-841B-43EC-B27E-3A2B435C8367}.Debug|Any CPU.ActiveCfg = Debug|Any CPU
		{F77B912C-841B-43EC-B27E-3A2B435C8367}.Debug|Any CPU.Build.0 = Debug|Any CPU
		{F77B912C-841B-43EC-B27E-3A2B435C8367}.Release|Any CPU.ActiveCfg = Release|Any CPU
		{F77B912C-841B-43EC-B27E-3A2B435C8367}.Release|Any CPU.Build.0 = Release|Any CPU
	EndGlobalSection
	GlobalSection(SolutionProperties) = preSolution
		HideSolutionNode = FALSE
	EndGlobalSection
	GlobalSection(ExtensibilityGlobals) = postSolution
		SolutionGuid = {E0727D10-AA74-419F-9CF5-1F2424851B78}
	EndGlobalSection
EndGlobal
